
Microsoft Visual Studio Solution File, Format Version 12.00
# Visual Studio Version 16
VisualStudioVersion = 16.0.28803.352
MinimumVisualStudioVersion = 10.0.40219.1
Project("{FAE04EC0-301F-11D3-BF4B-00C04F79EFBC}") = "GATES", "GATES\GATES.csproj", "{0E51053F-931B-4D16-9DDD-AFC1300208EC}"
EndProject
Global
	GlobalSection(SolutionConfigurationPlatforms) = preSolution
		Debug|Any CPU = Debug|Any CPU
		Release|Any CPU = Release|Any CPU
	EndGlobalSection
	GlobalSection(ProjectConfigurationPlatforms) = postSolution
		{0E51053F-931B-4D16-9DDD-AFC1300208EC}.Debug|Any CPU.ActiveCfg = Debug|Any CPU
		{0E51053F-931B-4D16-9DDD-AFC1300208EC}.Debug|Any CPU.Build.0 = Debug|Any CPU
		{0E51053F-931B-4D16-9DDD-AFC1300208EC}.Release|Any CPU.ActiveCfg = Release|Any CPU
		{0E51053F-931B-4D16-9DDD-AFC1300208EC}.Release|Any CPU.Build.0 = Release|Any CPU
	EndGlobalSection
	GlobalSection(SolutionProperties) = preSolution
		HideSolutionNode = FALSE
	EndGlobalSection
	GlobalSection(ExtensibilityGlobals) = postSolution
		SolutionGuid = {DF8E897A-DFB5-4C58-9358-34EACFEA9669}
	EndGlobalSection
EndGlobal
